
Microsoft Visual Studio Solution File, Format Version 12.00
# Visual Studio 15
VisualStudioVersion = 15.0.27428.2005
MinimumVisualStudioVersion = 10.0.40219.1
Project("{FAE04EC0-301F-11D3-BF4B-00C04F79EFBC}") = "SCV.Presentation", "SCV.Presentation\SCV.Presentation.csproj", "{DAF1A8F2-2311-45B8-9A79-874A57553ED8}"
EndProject
Project("{FAE04EC0-301F-11D3-BF4B-00C04F79EFBC}") = "SCV.DataObjects", "SCV.DataObjects\SCV.DataObjects.csproj", "{A2CA706B-B058-4957-8286-C3FED0037F92}"
EndProject
Project("{FAE04EC0-301F-11D3-BF4B-00C04F79EFBC}") = "SCV.Domain", "SCV.Interfaces\SCV.Domain.csproj", "{9EE3590C-028B-4F1C-9E26-33D1B65A910B}"
EndProject
Project("{FAE04EC0-301F-11D3-BF4B-00C04F79EFBC}") = "SCV.Business", "SCV.Business\SCV.Business.csproj", "{08DA0295-5A43-4147-840D-D7CB272E6B74}"
EndProject
Global
	GlobalSection(SolutionConfigurationPlatforms) = preSolution
		Debug|Any CPU = Debug|Any CPU
		Release|Any CPU = Release|Any CPU
	EndGlobalSection
	GlobalSection(ProjectConfigurationPlatforms) = postSolution
		{DAF1A8F2-2311-45B8-9A79-874A57553ED8}.Debug|Any CPU.ActiveCfg = Debug|Any CPU
		{DAF1A8F2-2311-45B8-9A79-874A57553ED8}.Debug|Any CPU.Build.0 = Debug|Any CPU
		{DAF1A8F2-2311-45B8-9A79-874A57553ED8}.Release|Any CPU.ActiveCfg = Release|Any CPU
		{DAF1A8F2-2311-45B8-9A79-874A57553ED8}.Release|Any CPU.Build.0 = Release|Any CPU
		{A2CA706B-B058-4957-8286-C3FED0037F92}.Debug|Any CPU.ActiveCfg = Debug|Any CPU
		{A2CA706B-B058-4957-8286-C3FED0037F92}.Debug|Any CPU.Build.0 = Debug|Any CPU
		{A2CA706B-B058-4957-8286-C3FED0037F92}.Release|Any CPU.ActiveCfg = Release|Any CPU
		{A2CA706B-B058-4957-8286-C3FED0037F92}.Release|Any CPU.Build.0 = Release|Any CPU
		{9EE3590C-028B-4F1C-9E26-33D1B65A910B}.Debug|Any CPU.ActiveCfg = Debug|Any CPU
		{9EE3590C-028B-4F1C-9E26-33D1B65A910B}.Debug|Any CPU.Build.0 = Debug|Any CPU
		{9EE3590C-028B-4F1C-9E26-33D1B65A910B}.Release|Any CPU.ActiveCfg = Release|Any CPU
		{9EE3590C-028B-4F1C-9E26-33D1B65A910B}.Release|Any CPU.Build.0 = Release|Any CPU
		{08DA0295-5A43-4147-840D-D7CB272E6B74}.Debug|Any CPU.ActiveCfg = Debug|Any CPU
		{08DA0295-5A43-4147-840D-D7CB272E6B74}.Debug|Any CPU.Build.0 = Debug|Any CPU
		{08DA0295-5A43-4147-840D-D7CB272E6B74}.Release|Any CPU.ActiveCfg = Release|Any CPU
		{08DA0295-5A43-4147-840D-D7CB272E6B74}.Release|Any CPU.Build.0 = Release|Any CPU
	EndGlobalSection
	GlobalSection(SolutionProperties) = preSolution
		HideSolutionNode = FALSE
	EndGlobalSection
	GlobalSection(ExtensibilityGlobals) = postSolution
		SolutionGuid = {4CD4D773-6961-432E-BA18-E58232CBB5A6}
	EndGlobalSection
EndGlobal
